DEPENDENCIES
  chocolatey
  docker
  iis
  ms_dotnet
  ntp
  seven_zip
  sql_server
  webpi
  windows
  windows_ad

GRAPH
  chocolatey (1.2.0)
    windows (>= 1.38)
  docker (2.15.6)
  iis (6.5.0)
    windows (>= 2.0)
  ms_dotnet (3.2.1)
    windows (>= 1.36.1)
  ntp (3.4.0)
  ohai (5.1.0)
  seven_zip (2.0.2)
    windows (>= 1.2.2)
  sql_server (5.3.1)
    windows (>= 3.0)
  webpi (4.2.0)
    windows (>= 2.0)
  windows (3.0.5)
    ohai (>= 4.0.0)
  windows_ad (0.5.4)
    windows (>= 0.0.0)
